// !$*UTF8*$!
{
	archiveVersion = 1;
	classes = {
	};
	objectVersion = 50;
	objects = {

/* Begin PBXBuildFile section */
		6CF5AC2220FAABDD0096FE8C /* AppDelegate.swift in Sources */ = {isa = PBXBuildFile; fileRef = 6CF5AC2120FAABDD0096FE8C /* AppDelegate.swift */; };
		6CF5AC2420FAABDD0096FE8C /* MainViewController.swift in Sources */ = {isa = PBXBuildFile; fileRef = 6CF5AC2320FAABDD0096FE8C /* MainViewController.swift */; };
		6CF5AC2720FAABDD0096FE8C /* Main.storyboard in Resources */ = {isa = PBXBuildFile; fileRef = 6CF5AC2520FAABDD0096FE8C /* Main.storyboard */; };
		6CF5AC2920FAABDE0096FE8C /* Assets.xcassets in Resources */ = {isa = PBXBuildFile; fileRef = 6CF5AC2820FAABDE0096FE8C /* Assets.xcassets */; };
		6CF5AC2C20FAABDE0096FE8C /* LaunchScreen.storyboard in Resources */ = {isa = PBXBuildFile; fileRef = 6CF5AC2A20FAABDE0096FE8C /* LaunchScreen.storyboard */; };
		6CF5AC3420FAB0110096FE8C /* PaintView.swift in Sources */ = {isa = PBXBuildFile; fileRef = 6CF5AC3320FAB0110096FE8C /* PaintView.swift */; };
		6CF5AC3920FAB24D0096FE8C /* ChooseColorViewController.swift in Sources */ = {isa = PBXBuildFile; fileRef = 6CF5AC3820FAB24D0096FE8C /* ChooseColorViewController.swift */; };
		6CF5AC3B20FAB83D0096FE8C /* ChooseStrokeWIdthViewController.swift in Sources */ = {isa = PBXBuildFile; fileRef = 6CF5AC3A20FAB83D0096FE8C /* ChooseStrokeWIdthViewController.swift */; };
		6CF5AC3D20FAB9D10096FE8C /* SampleOfLineWidthView.swift in Sources */ = {isa = PBXBuildFile; fileRef = 6CF5AC3C20FAB9D10096FE8C /* SampleOfLineWidthView.swift */; };
		6CF5AC3F20FABF3A0096FE8C /* SquiggleSquiggle.swift in Sources */ = {isa = PBXBuildFile; fileRef = 6CF5AC3E20FABF3A0096FE8C /* SquiggleSquiggle.swift */; };
		6CF5AC4120FAC1140096FE8C /* PaintProtocols.swift in Sources */ = {isa = PBXBuildFile; fileRef = 6CF5AC4020FAC1140096FE8C /* PaintProtocols.swift */; };
		6CF5AC4320FAF0A40096FE8C /* AttributionTexts.strings in Resources */ = {isa = PBXBuildFile; fileRef = 6CF5AC4220FAF0A40096FE8C /* AttributionTexts.strings */; };
/* End PBXBuildFile section */

/* Begin PBXFileReference section */
		6CF5AC1E20FAABDD0096FE8C /* Paintz.app */ = {isa = PBXFileReference; explicitFileType = wrapper.application; includeInIndex = 0; path = Paintz.app; sourceTree = BUILT_PRODUCTS_DIR; };
		6CF5AC2120FAABDD0096FE8C /* AppDelegate.swift */ = {isa = PBXFileReference; lastKnownFileType = sourcecode.swift; path = AppDelegate.swift; sourceTree = "<group>"; };
		6CF5AC2320FAABDD0096FE8C /* MainViewController.swift */ = {isa = PBXFileReference; lastKnownFileType = sourcecode.swift; path = MainViewController.swift; sourceTree = "<group>"; };
		6CF5AC2620FAABDD0096FE8C /* Base */ = {isa = PBXFileReference; lastKnownFileType = file.storyboard; name = Base; path = Base.lproj/Main.storyboard; sourceTree = "<group>"; };
		6CF5AC2820FAABDE0096FE8C /* Assets.xcassets */ = {isa = PBXFileReference; lastKnownFileType = folder.assetcatalog; path = Assets.xcassets; sourceTree = "<group>"; };
		6CF5AC2B20FAABDE0096FE8C /* Base */ = {isa = PBXFileReference; lastKnownFileType = file.storyboard; name = Base; path = Base.lproj/LaunchScreen.storyboard; sourceTree = "<group>"; };
		6CF5AC2D20FAABDF0096FE8C /* Info.plist */ = {isa = PBXFileReference; lastKnownFileType = text.plist.xml; path = Info.plist; sourceTree = "<group>"; };
		6CF5AC3320FAB0110096FE8C /* PaintView.swift */ = {isa = PBXFileReference; lastKnownFileType = sourcecode.swift; path = PaintView.swift; sourceTree = "<group>"; };
		6CF5AC3820FAB24D0096FE8C /* ChooseColorViewController.swift */ = {isa = PBXFileReference; lastKnownFileType = sourcecode.swift; path = ChooseColorViewController.swift; sourceTree = "<group>"; };
		6CF5AC3A20FAB83D0096FE8C /* ChooseStrokeWIdthViewController.swift */ = {isa = PBXFileReference; lastKnownFileType = sourcecode.swift; path = ChooseStrokeWIdthViewController.swift; sourceTree = "<group>"; };
		6CF5AC3C20FAB9D10096FE8C /* SampleOfLineWidthView.swift */ = {isa = PBXFileReference; lastKnownFileType = sourcecode.swift; path = SampleOfLineWidthView.swift; sourceTree = "<group>"; };
		6CF5AC3E20FABF3A0096FE8C /* SquiggleSquiggle.swift */ = {isa = PBXFileReference; lastKnownFileType = sourcecode.swift; path = SquiggleSquiggle.swift; sourceTree = "<group>"; };
		6CF5AC4020FAC1140096FE8C /* PaintProtocols.swift */ = {isa = PBXFileReference; lastKnownFileType = sourcecode.swift; path = PaintProtocols.swift; sourceTree = "<group>"; };
		6CF5AC4220FAF0A40096FE8C /* AttributionTexts.strings */ = {isa = PBXFileReference; lastKnownFileType = text.plist.strings; path = AttributionTexts.strings; sourceTree = "<group>"; };
/* End PBXFileReference section */

/* Begin PBXFrameworksBuildPhase section */
		6CF5AC1B20FAABDD0096FE8C /* Frameworks */ = {
			isa = PBXFrameworksBuildPhase;
			buildActionMask = 2147483647;
			files = (
			);
			runOnlyForDeploymentPostprocessing = 0;
		};
/* End PBXFrameworksBuildPhase section */

/* Begin PBXGroup section */
		6CF5AC1520FAABDD0096FE8C = {
			isa = PBXGroup;
			children = (
				6CF5AC2020FAABDD0096FE8C /* Paintz */,
				6CF5AC1F20FAABDD0096FE8C /* Products */,
			);
			sourceTree = "<group>";
		};
		6CF5AC1F20FAABDD0096FE8C /* Products */ = {
			isa = PBXGroup;
			children = (
				6CF5AC1E20FAABDD0096FE8C /* Paintz.app */,
			);
			name = Products;
			sourceTree = "<group>";
		};
		6CF5AC2020FAABDD0096FE8C /* Paintz */ = {
			isa = PBXGroup;
			children = (
				6CF5AC3720FAB04C0096FE8C /* Model */,
				6CF5AC3620FAB0460096FE8C /* View */,
				6CF5AC3520FAB03D0096FE8C /* Controller */,
				6CF5AC2120FAABDD0096FE8C /* AppDelegate.swift */,
				6CF5AC2520FAABDD0096FE8C /* Main.storyboard */,
				6CF5AC2820FAABDE0096FE8C /* Assets.xcassets */,
				6CF5AC2A20FAABDE0096FE8C /* LaunchScreen.storyboard */,
				6CF5AC2D20FAABDF0096FE8C /* Info.plist */,
				6CF5AC4220FAF0A40096FE8C /* AttributionTexts.strings */,
			);
			path = Paintz;
			sourceTree = "<group>";
		};
		6CF5AC3520FAB03D0096FE8C /* Controller */ = {
			isa = PBXGroup;
			children = (
				6CF5AC2320FAABDD0096FE8C /* MainViewController.swift */,
				6CF5AC3820FAB24D0096FE8C /* ChooseColorViewController.swift */,
				6CF5AC3A20FAB83D0096FE8C /* ChooseStrokeWIdthViewController.swift */,
			);
			path = Controller;
			sourceTree = "<group>";
		};
		6CF5AC3620FAB0460096FE8C /* View */ = {
			isa = PBXGroup;
			children = (
				6CF5AC3320FAB0110096FE8C /* PaintView.swift */,
				6CF5AC3C20FAB9D10096FE8C /* SampleOfLineWidthView.swift */,
				6CF5AC3E20FABF3A0096FE8C /* SquiggleSquiggle.swift */,
			);
			path = View;
			sourceTree = "<group>";
		};
		6CF5AC3720FAB04C0096FE8C /* Model */ = {
			isa = PBXGroup;
			children = (
				6CF5AC4020FAC1140096FE8C /* PaintProtocols.swift */,
			);
			path = Model;
			sourceTree = "<group>";
		};
/* End PBXGroup section */

/* Begin PBXNativeTarget section */
		6CF5AC1D20FAABDD0096FE8C /* Paintz */ = {
			isa = PBXNativeTarget;
			buildConfigurationList = 6CF5AC3020FAABDF0096FE8C /* Build configuration list for PBXNativeTarget "Paintz" */;
			buildPhases = (
				6CF5AC1A20FAABDD0096FE8C /* Sources */,
				6CF5AC1B20FAABDD0096FE8C /* Frameworks */,
				6CF5AC1C20FAABDD0096FE8C /* Resources */,
			);
			buildRules = (
			);
			dependencies = (
			);
			name = Paintz;
			productName = Paintz;
			productReference = 6CF5AC1E20FAABDD0096FE8C /* Paintz.app */;
			productType = "com.apple.product-type.application";
		};
/* End PBXNativeTarget section */

/* Begin PBXProject section */
		6CF5AC1620FAABDD0096FE8C /* Project object */ = {
			isa = PBXProject;
			attributes = {
				LastSwiftUpdateCheck = 0940;
				LastUpgradeCheck = 0940;
				ORGANIZATIONNAME = "Rehan Parkar";
				TargetAttributes = {
					6CF5AC1D20FAABDD0096FE8C = {
						CreatedOnToolsVersion = 9.4.1;
					};
				};
			};
			buildConfigurationList = 6CF5AC1920FAABDD0096FE8C /* Build configuration list for PBXProject "Paintz" */;
			compatibilityVersion = "Xcode 9.3";
			developmentRegion = en;
			hasScannedForEncodings = 0;
			knownRegions = (
				en,
				Base,
			);
			mainGroup = 6CF5AC1520FAABDD0096FE8C;
			productRefGroup = 6CF5AC1F20FAABDD0096FE8C /* Products */;
			projectDirPath = "";
			projectRoot = "";
			targets = (
				6CF5AC1D20FAABDD0096FE8C /* Paintz */,
			);
		};
/* End PBXProject section */

/* Begin PBXResourcesBuildPhase section */
		6CF5AC1C20FAABDD0096FE8C /* Resources */ = {
			isa = PBXResourcesBuildPhase;
			buildActionMask = 2147483647;
			files = (
				6CF5AC2C20FAABDE0096FE8C /* LaunchScreen.storyboard in Resources */,
				6CF5AC4320FAF0A40096FE8C /* AttributionTexts.strings in Resources */,
				6CF5AC2920FAABDE0096FE8C /* Assets.xcassets in Resources */,
				6CF5AC2720FAABDD0096FE8C /* Main.storyboard in Resources */,
			);
			runOnlyForDeploymentPostprocessing = 0;
		};
/* End PBXResourcesBuildPhase section */

/* Begin PBXSourcesBuildPhase section */
		6CF5AC1A20FAABDD0096FE8C /* Sources */ = {
			isa = PBXSourcesBuildPhase;
			buildActionMask = 2147483647;
			files = (
				6CF5AC4120FAC1140096FE8C /* PaintProtocols.swift in Sources */,
				6CF5AC2420FAABDD0096FE8C /* MainViewController.swift in Sources */,
				6CF5AC3F20FABF3A0096FE8C /* SquiggleSquiggle.swift in Sources */,
				6CF5AC3920FAB24D0096FE8C /* ChooseColorViewController.swift in Sources */,
				6CF5AC2220FAABDD0096FE8C /* AppDelegate.swift in Sources */,
				6CF5AC3420FAB0110096FE8C /* PaintView.swift in Sources */,
				6CF5AC3D20FAB9D10096FE8C /* SampleOfLineWidthView.swift in Sources */,
				6CF5AC3B20FAB83D0096FE8C /* ChooseStrokeWIdthViewController.swift in Sources */,
			);
			runOnlyForDeploymentPostprocessing = 0;
		};
/* End PBXSourcesBuildPhase section */

/* Begin PBXVariantGroup section */
		6CF5AC2520FAABDD0096FE8C /* Main.storyboard */ = {
			isa = PBXVariantGroup;
			children = (
				6CF5AC2620FAABDD0096FE8C /* Base */,
			);
			name = Main.storyboard;
			sourceTree = "<group>";
		};
		6CF5AC2A20FAABDE0096FE8C /* LaunchScreen.storyboard */ = {
			isa = PBXVariantGroup;
			children = (
				6CF5AC2B20FAABDE0096FE8C /* Base */,
			);
			name = LaunchScreen.storyboard;
			sourceTree = "<group>";
		};
/* End PBXVariantGroup section */

/* Begin XCBuildConfiguration section */
		6CF5AC2E20FAABDF0096FE8C /* Debug */ = {
			isa = XCBuildConfiguration;
			buildSettings = {
				ALWAYS_SEARCH_USER_PATHS = NO;
				CLANG_ANALYZER_NONNULL = YES;
				CLANG_ANALYZER_NUMBER_OBJECT_CONVERSION = YES_AGGRESSIVE;
				CLANG_CXX_LANGUAGE_STANDARD = "gnu++14";
				CLANG_CXX_LIBRARY = "libc++";
				CLANG_ENABLE_MODULES = YES;
				CLANG_ENABLE_OBJC_ARC = YES;
				CLANG_ENABLE_OBJC_WEAK = YES;
				CLANG_WARN_BLOCK_CAPTURE_AUTORELEASING = YES;
				CLANG_WARN_BOOL_CONVERSION = YES;
				CLANG_WARN_COMMA = YES;
				CLANG_WARN_CONSTANT_CONVERSION = YES;
				CLANG_WARN_DEPRECATED_OBJC_IMPLEMENTATIONS = YES;
				CLANG_WARN_DIRECT_OBJC_ISA_USAGE = YES_ERROR;
				CLANG_WARN_DOCUMENTATION_COMMENTS = YES;
				CLANG_WARN_EMPTY_BODY = YES;
				CLANG_WARN_ENUM_CONVERSION = YES;
				CLANG_WARN_INFINITE_RECURSION = YES;
				CLANG_WARN_INT_CONVERSION = YES;
				CLANG_WARN_NON_LITERAL_NULL_CONVERSION = YES;
				CLANG_WARN_OBJC_IMPLICIT_RETAIN_SELF = YES;
				CLANG_WARN_OBJC_LITERAL_CONVERSION = YES;
				CLANG_WARN_OBJC_ROOT_CLASS = YES_ERROR;
				CLANG_WARN_RANGE_LOOP_ANALYSIS = YES;
				CLANG_WARN_STRICT_PROTOTYPES = YES;
				CLANG_WARN_SUSPICIOUS_MOVE = YES;
				CLANG_WARN_UNGUARDED_AVAILABILITY = YES_AGGRESSIVE;
				CLANG_WARN_UNREACHABLE_CODE = YES;
				CLANG_WARN__DUPLICATE_METHOD_MATCH = YES;
				CODE_SIGN_IDENTITY = "iPhone Developer";
				COPY_PHASE_STRIP = NO;
				DEBUG_INFORMATION_FORMAT = dwarf;
				ENABLE_STRICT_OBJC_MSGSEND = YES;
				ENABLE_TESTABILITY = YES;
				GCC_C_LANGUAGE_STANDARD = gnu11;
				GCC_DYNAMIC_NO_PIC = NO;
				GCC_NO_COMMON_BLOCKS = YES;
				GCC_OPTIMIZATION_LEVEL = 0;
				GCC_PREPROCESSOR_DEFINITIONS = (
					"DEBUG=1",
					"$(inherited)",
				);
				GCC_WARN_64_TO_32_BIT_CONVERSION = YES;
				GCC_WARN_ABOUT_RETURN_TYPE = YES_ERROR;
				GCC_WARN_UNDECLARED_SELECTOR = YES;
				GCC_WARN_UNINITIALIZED_AUTOS = YES_AGGRESSIVE;
				GCC_WARN_UNUSED_FUNCTION = YES;
				GCC_WARN_UNUSED_VARIABLE = YES;
				IPHONEOS_DEPLOYMENT_TARGET = 11.4;
				MTL_ENABLE_DEBUG_INFO = YES;
				ONLY_ACTIVE_ARCH = YES;
				SDKROOT = iphoneos;
				SWIFT_ACTIVE_COMPILATION_CONDITIONS = DEBUG;
				SWIFT_OPTIMIZATION_LEVEL = "-Onone";
			};
			name = Debug;
		};
		6CF5AC2F20FAABDF0096FE8C /* Release */ = {
			isa = XCBuildConfiguration;
			buildSettings = {
				ALWAYS_SEARCH_USER_PATHS = NO;
				CLANG_ANALYZER_NONNULL = YES;
				CLANG_ANALYZER_NUMBER_OBJECT_CONVERSION = YES_AGGRESSIVE;
				CLANG_CXX_LANGUAGE_STANDARD = "gnu++14";
				CLANG_CXX_LIBRARY = "libc++";
				CLANG_ENABLE_MODULES = YES;
				CLANG_ENABLE_OBJC_ARC = YES;
				CLANG_ENABLE_OBJC_WEAK = YES;
				CLANG_WARN_BLOCK_CAPTURE_AUTORELEASING = YES;
				CLANG_WARN_BOOL_CONVERSION = YES;
				CLANG_WARN_COMMA = YES;
				CLANG_WARN_CONSTANT_CONVERSION = YES;
				CLANG_WARN_DEPRECATED_OBJC_IMPLEMENTATIONS = YES;
				CLANG_WARN_DIRECT_OBJC_ISA_USAGE = YES_ERROR;
				CLANG_WARN_DOCUMENTATION_COMMENTS = YES;
				CLANG_WARN_EMPTY_BODY = YES;
				CLANG_WARN_ENUM_CONVERSION = YES;
				CLANG_WARN_INFINITE_RECURSION = YES;
				CLANG_WARN_INT_CONVERSION = YES;
				CLANG_WARN_NON_LITERAL_NULL_CONVERSION = YES;
				CLANG_WARN_OBJC_IMPLICIT_RETAIN_SELF = YES;
				CLANG_WARN_OBJC_LITERAL_CONVERSION = YES;
				CLANG_WARN_OBJC_ROOT_CLASS = YES_ERROR;
				CLANG_WARN_RANGE_LOOP_ANALYSIS = YES;
				CLANG_WARN_STRICT_PROTOTYPES = YES;
				CLANG_WARN_SUSPICIOUS_MOVE = YES;
				CLANG_WARN_UNGUARDED_AVAILABILITY = YES_AGGRESSIVE;
				CLANG_WARN_UNREACHABLE_CODE = YES;
				CLANG_WARN__DUPLICATE_METHOD_MATCH = YES;
				CODE_SIGN_IDENTITY = "iPhone Developer";
				COPY_PHASE_STRIP = NO;
				DEBUG_INFORMATION_FORMAT = "dwarf-with-dsym";
				ENABLE_NS_ASSERTIONS = NO;
				ENABLE_STRICT_OBJC_MSGSEND = YES;
				GCC_C_LANGUAGE_STANDARD = gnu11;
				GCC_NO_COMMON_BLOCKS = YES;
				GCC_WARN_64_TO_32_BIT_CONVERSION = YES;
				GCC_WARN_ABOUT_RETURN_TYPE = YES_ERROR;
				GCC_WARN_UNDECLARED_SELECTOR = YES;
				GCC_WARN_UNINITIALIZED_AUTOS = YES_AGGRESSIVE;
				GCC_WARN_UNUSED_FUNCTION = YES;
				GCC_WARN_UNUSED_VARIABLE = YES;
				IPHONEOS_DEPLOYMENT_TARGET = 11.4;
				MTL_ENABLE_DEBUG_INFO = NO;
				SDKROOT = iphoneos;
				SWIFT_COMPILATION_MODE = wholemodule;
				SWIFT_OPTIMIZATION_LEVEL = "-O";
				VALIDATE_PRODUCT = YES;
			};
			name = Release;
		};
		6CF5AC3120FAABDF0096FE8C /* Debug */ = {
			isa = XCBuildConfiguration;
			buildSettings = {
				ASSETCATALOG_COMPILER_APPICON_NAME = AppIcon;
				CODE_SIGN_STYLE = Automatic;
				INFOPLIST_FILE = Paintz/Info.plist;
				LD_RUNPATH_SEARCH_PATHS = (
					"$(inherited)",
					"@executable_path/Frameworks",
				);
				PRODUCT_BUNDLE_IDENTIFIER = com.parkar.Paintz;
				PRODUCT_NAME = "$(TARGET_NAME)";
				SWIFT_VERSION = 4.0;
				TARGETED_DEVICE_FAMILY = "1,2";
			};
			name = Debug;
		};
		6CF5AC3220FAABDF0096FE8C /* Release */ = {
			isa = XCBuildConfiguration;
			buildSettings = {
				ASSETCATALOG_COMPILER_APPICON_NAME = AppIcon;
				CODE_SIGN_STYLE = Automatic;
				INFOPLIST_FILE = Paintz/Info.plist;
				LD_RUNPATH_SEARCH_PATHS = (
					"$(inherited)",
					"@executable_path/Frameworks",
				);
				PRODUCT_BUNDLE_IDENTIFIER = com.parkar.Paintz;
				PRODUCT_NAME = "$(TARGET_NAME)";
				SWIFT_VERSION = 4.0;
				TARGETED_DEVICE_FAMILY = "1,2";
			};
			name = Release;
		};
/* End XCBuildConfiguration section */

/* Begin XCConfigurationList section */
		6CF5AC1920FAABDD0096FE8C /* Build configuration list for PBXProject "Paintz" */ = {
			isa = XCConfigurationList;
			buildConfigurations = (
				6CF5AC2E20FAABDF0096FE8C /* Debug */,
				6CF5AC2F20FAABDF0096FE8C /* Release */,
			);
			defaultConfigurationIsVisible = 0;
			defaultConfigurationName = Release;
		};
		6CF5AC3020FAABDF0096FE8C /* Build configuration list for PBXNativeTarget "Paintz" */ = {
			isa = XCConfigurationList;
			buildConfigurations = (
				6CF5AC3120FAABDF0096FE8C /* Debug */,
				6CF5AC3220FAABDF0096FE8C /* Release */,
			);
			defaultConfigurationIsVisible = 0;
			defaultConfigurationName = Release;
		};
/* End XCConfigurationList section */
	};
	rootObject = 6CF5AC1620FAABDD0096FE8C /* Project object */;
}
